
Microsoft Visual Studio Solution File, Format Version 12.00
# Visual Studio Version 16
VisualStudioVersion = 16.0.34902.97
MinimumVisualStudioVersion = 10.0.40219.1
Project("{F184B08F-C81C-45F6-A57F-5ABD9991F28F}") = "Etiquetas UCC", "Etiquetas UCC\Etiquetas UCC.vbproj", "{F256DF20-0FE6-4175-94CB-F59B2AB42429}"
EndProject
Global
	GlobalSection(SolutionConfigurationPlatforms) = preSolution
		Debug|Any CPU = Debug|Any CPU
		Release|Any CPU = Release|Any CPU
	EndGlobalSection
	GlobalSection(ProjectConfigurationPlatforms) = postSolution
		{F256DF20-0FE6-4175-94CB-F59B2AB42429}.Debug|Any CPU.ActiveCfg = Debug|Any CPU
		{F256DF20-0FE6-4175-94CB-F59B2AB42429}.Debug|Any CPU.Build.0 = Debug|Any CPU
		{F256DF20-0FE6-4175-94CB-F59B2AB42429}.Release|Any CPU.ActiveCfg = Release|Any CPU
		{F256DF20-0FE6-4175-94CB-F59B2AB42429}.Release|Any CPU.Build.0 = Release|Any CPU
	EndGlobalSection
	GlobalSection(SolutionProperties) = preSolution
		HideSolutionNode = FALSE
	EndGlobalSection
	GlobalSection(ExtensibilityGlobals) = postSolution
		SolutionGuid = {40933895-90D5-42F9-9AB8-1DB5097250F7}
	EndGlobalSection
EndGlobal
